
Microsoft Visual Studio Solution File, Format Version 12.00
# Visual Studio 14
VisualStudioVersion = 14.0.25420.1
MinimumVisualStudioVersion = 10.0.40219.1
Project("{E24C65DC-7377-472B-9ABA-BC803B73C61A}") = "Website", ".", "{0DC9B73B-D3F4-48BD-8677-E218736AD9CB}"
	ProjectSection(WebsiteProperties) = preProject
		TargetFrameworkMoniker = ".NETFramework,Version%3Dv4.0"
		Debug.AspNetCompiler.VirtualPath = "/Matt-M.github.io"
		Debug.AspNetCompiler.PhysicalPath = "..\Website\"
		Debug.AspNetCompiler.TargetPath = "PrecompiledWeb\Matt-M.github.io\"
		Debug.AspNetCompiler.Updateable = "true"
		Debug.AspNetCompiler.ForceOverwrite = "true"
		Debug.AspNetCompiler.FixedNames = "false"
		Debug.AspNetCompiler.Debug = "True"
		Release.AspNetCompiler.VirtualPath = "/Matt-M.github.io"
		Release.AspNetCompiler.PhysicalPath = "..\Website\"
		Release.AspNetCompiler.TargetPath = "PrecompiledWeb\Matt-M.github.io\"
		Release.AspNetCompiler.Updateable = "true"
		Release.AspNetCompiler.ForceOverwrite = "true"
		Release.AspNetCompiler.FixedNames = "false"
		Release.AspNetCompiler.Debug = "False"
		VWDPort = "54704"
		SlnRelativePath = "..\Website\"
	EndProjectSection
EndProject
Global
	GlobalSection(SolutionConfigurationPlatforms) = preSolution
		Debug|Any CPU = Debug|Any CPU
		Release|Any CPU = Release|Any CPU
	EndGlobalSection
	GlobalSection(ProjectConfigurationPlatforms) = postSolution
		{0DC9B73B-D3F4-48BD-8677-E218736AD9CB}.Debug|Any CPU.ActiveCfg = Debug|Any CPU
		{0DC9B73B-D3F4-48BD-8677-E218736AD9CB}.Debug|Any CPU.Build.0 = Debug|Any CPU
		{0DC9B73B-D3F4-48BD-8677-E218736AD9CB}.Release|Any CPU.ActiveCfg = Debug|Any CPU
		{0DC9B73B-D3F4-48BD-8677-E218736AD9CB}.Release|Any CPU.Build.0 = Debug|Any CPU
	EndGlobalSection
	GlobalSection(SolutionProperties) = preSolution
		HideSolutionNode = FALSE
	EndGlobalSection
EndGlobal
